
Microsoft Visual Studio Solution File, Format Version 12.00
# Visual Studio Version 17
VisualStudioVersion = 17.14.36127.28 d17.14
MinimumVisualStudioVersion = 10.0.40219.1
Project("{FAE04EC0-301F-11D3-BF4B-00C04F79EFBC}") = "JonJones", "JonJones\JonJones.csproj", "{513747B2-7CF5-4F1F-BFDD-F64070680FAF}"
EndProject
Global
	GlobalSection(SolutionConfigurationPlatforms) = preSolution
		Debug|Any CPU = Debug|Any CPU
		Release|Any CPU = Release|Any CPU
	EndGlobalSection
	GlobalSection(ProjectConfigurationPlatforms) = postSolution
		{513747B2-7CF5-4F1F-BFDD-F64070680FAF}.Debug|Any CPU.ActiveCfg = Debug|Any CPU
		{513747B2-7CF5-4F1F-BFDD-F64070680FAF}.Debug|Any CPU.Build.0 = Debug|Any CPU
		{513747B2-7CF5-4F1F-BFDD-F64070680FAF}.Release|Any CPU.ActiveCfg = Release|Any CPU
		{513747B2-7CF5-4F1F-BFDD-F64070680FAF}.Release|Any CPU.Build.0 = Release|Any CPU
	EndGlobalSection
	GlobalSection(SolutionProperties) = preSolution
		HideSolutionNode = FALSE
	EndGlobalSection
	GlobalSection(ExtensibilityGlobals) = postSolution
		SolutionGuid = {3144C8B1-BCD9-4D64-9AF7-36E54C3644B5}
	EndGlobalSection
EndGlobal
